PODS:
  - Flutter (1.0.0)
  - flutter_ffmpeg/audio (0.2.7):
    - Flutter
    - mobile-ffmpeg-audio (= 4.2.2)
  - mobile-ffmpeg-audio (4.2.2)
  - path_provider (0.0.1):
    - Flutter

DEPENDENCIES:
  - Flutter (from `.symlinks/flutter/ios`)
  - flutter_ffmpeg/audio (from `.symlinks/plugins/flutter_ffmpeg/ios`)
  - path_provider (from `.symlinks/plugins/path_provider/ios`)

SPEC REPOS:
  https://github.com/cocoapods/specs.git:
    - mobile-ffmpeg-audio

EXTERNAL SOURCES:
  Flutter:
    :path: ".symlinks/flutter/ios"
  flutter_ffmpeg:
    :path: ".symlinks/plugins/flutter_ffmpeg/ios"
  path_provider:
    :path: ".symlinks/plugins/path_provider/ios"

SPEC CHECKSUMS:
  Flutter: 58dd7d1b27887414a370fcccb9e645c08ffd7a6a
  flutter_ffmpeg: 05ee218287a2b55a13df8f7970aab1a52094083e
  mobile-ffmpeg-audio: 03f469ca94d84ef3bce94408cde922373b571d4e
  path_provider: f96fff6166a8867510d2c25fdcc346327cc4b259

PODFILE CHECKSUM: cfff284ae4d1a8421ff9096d3fe97df6e16dc5fc

COCOAPODS: 1.7.2
